Microsoft Visual Studio Solution File, Format Version 12.00
# Visual Studio Version 17
VisualStudioVersion = 17.5.2.0
MinimumVisualStudioVersion = 10.0.40219.1
Project("{FAE04EC0-301F-11D3-BF4B-00C04F79EFBC}") = "C#_Praticando", "C#_Praticando.csproj", "{755235AF-ABEA-5E63-C426-ED2FDDBAF940}"
EndProject
Global
	GlobalSection(SolutionConfigurationPlatforms) = preSolution
		Debug|Any CPU = Debug|Any CPU
		Release|Any CPU = Release|Any CPU
	EndGlobalSection
	GlobalSection(ProjectConfigurationPlatforms) = postSolution
		{755235AF-ABEA-5E63-C426-ED2FDDBAF940}.Debug|Any CPU.ActiveCfg = Debug|Any CPU
		{755235AF-ABEA-5E63-C426-ED2FDDBAF940}.Debug|Any CPU.Build.0 = Debug|Any CPU
		{755235AF-ABEA-5E63-C426-ED2FDDBAF940}.Release|Any CPU.ActiveCfg = Release|Any CPU
		{755235AF-ABEA-5E63-C426-ED2FDDBAF940}.Release|Any CPU.Build.0 = Release|Any CPU
	EndGlobalSection
	GlobalSection(SolutionProperties) = preSolution
		HideSolutionNode = FALSE
	EndGlobalSection
	GlobalSection(ExtensibilityGlobals) = postSolution
		SolutionGuid = {C010435B-02A2-48AC-9EB3-11FBCD2B5A79}
	EndGlobalSection
EndGlobal
